
Microsoft Visual Studio Solution File, Format Version 12.00
# Visual Studio Version 17
VisualStudioVersion = 17.4.33122.133
MinimumVisualStudioVersion = 10.0.40219.1
Project("{8BC9CEB8-8B4A-11D0-8D11-00A0C91BC942}") = "engine", "engine\engine.vcxproj", "{5EA43AFD-22B8-4073-A286-B1440617B8E9}"
EndProject
Project("{8BC9CEB8-8B4A-11D0-8D11-00A0C91BC942}") = "project", "project\project.vcxproj", "{C52068EA-60A2-459A-8DB7-71047D37EF21}"
EndProject
Global
	GlobalSection(SolutionConfigurationPlatforms) = preSolution
		Debug|x64 = Debug|x64
		Debug|x86 = Debug|x86
		Release|x64 = Release|x64
		Release|x86 = Release|x86
	EndGlobalSection
	GlobalSection(ProjectConfigurationPlatforms) = postSolution
		{5EA43AFD-22B8-4073-A286-B1440617B8E9}.Debug|x64.ActiveCfg = Debug|x64
		{5EA43AFD-22B8-4073-A286-B1440617B8E9}.Debug|x64.Build.0 = Debug|x64
		{5EA43AFD-22B8-4073-A286-B1440617B8E9}.Debug|x86.ActiveCfg = Debug|Win32
		{5EA43AFD-22B8-4073-A286-B1440617B8E9}.Debug|x86.Build.0 = Debug|Win32
		{5EA43AFD-22B8-4073-A286-B1440617B8E9}.Release|x64.ActiveCfg = Release|x64
		{5EA43AFD-22B8-4073-A286-B1440617B8E9}.Release|x64.Build.0 = Release|x64
		{5EA43AFD-22B8-4073-A286-B1440617B8E9}.Release|x86.ActiveCfg = Release|Win32
		{5EA43AFD-22B8-4073-A286-B1440617B8E9}.Release|x86.Build.0 = Release|Win32
		{C52068EA-60A2-459A-8DB7-71047D37EF21}.Debug|x64.ActiveCfg = Debug|x64
		{C52068EA-60A2-459A-8DB7-71047D37EF21}.Debug|x64.Build.0 = Debug|x64
		{C52068EA-60A2-459A-8DB7-71047D37EF21}.Debug|x86.ActiveCfg = Debug|Win32
		{C52068EA-60A2-459A-8DB7-71047D37EF21}.Debug|x86.Build.0 = Debug|Win32
		{C52068EA-60A2-459A-8DB7-71047D37EF21}.Release|x64.ActiveCfg = Release|x64
		{C52068EA-60A2-459A-8DB7-71047D37EF21}.Release|x64.Build.0 = Release|x64
		{C52068EA-60A2-459A-8DB7-71047D37EF21}.Release|x86.ActiveCfg = Release|Win32
		{C52068EA-60A2-459A-8DB7-71047D37EF21}.Release|x86.Build.0 = Release|Win32
	EndGlobalSection
	GlobalSection(SolutionProperties) = preSolution
		HideSolutionNode = FALSE
	EndGlobalSection
	GlobalSection(ExtensibilityGlobals) = postSolution
		SolutionGuid = {B22149D8-167C-45EA-8553-E726A77000ED}
	EndGlobalSection
EndGlobal
