
Microsoft Visual Studio Solution File, Format Version 12.00
# Visual Studio Version 17
VisualStudioVersion = 17.4.33122.133
MinimumVisualStudioVersion = 10.0.40219.1
Project("{8BC9CEB8-8B4A-11D0-8D11-00A0C91BC942}") = "engine", "engine\engine.vcxproj", "{5EA43AFD-22B8-4073-A286-B1440617B8E9}"
	ProjectSection(ProjectDependencies) = postProject
		{1569572E-31EA-3234-B3AA-0BC395CDC6B6} = {1569572E-31EA-3234-B3AA-0BC395CDC6B6}
		{371B9FA9-4C90-4AC6-A123-ACED756D6C77} = {371B9FA9-4C90-4AC6-A123-ACED756D6C77}
	EndProjectSection
EndProject
Project("{8BC9CEB8-8B4A-11D0-8D11-00A0C91BC942}") = "project", "project\project.vcxproj", "{C52068EA-60A2-459A-8DB7-71047D37EF21}"
	ProjectSection(ProjectDependencies) = postProject
		{371B9FA9-4C90-4AC6-A123-ACED756D6C77} = {371B9FA9-4C90-4AC6-A123-ACED756D6C77}
	EndProjectSection
EndProject
Project("{8BC9CEB8-8B4A-11D0-8D11-00A0C91BC942}") = "assimp", "lib\assimp\code\assimp.vcxproj", "{1569572E-31EA-3234-B3AA-0BC395CDC6B6}"
EndProject
Project("{8BC9CEB8-8B4A-11D0-8D11-00A0C91BC942}") = "DirectXTex", "lib\DirectXTex\DirectXTex_Desktop_2022_Win10.vcxproj", "{371B9FA9-4C90-4AC6-A123-ACED756D6C77}"
EndProject
Global
	GlobalSection(SolutionConfigurationPlatforms) = preSolution
		Debug|ARM64 = Debug|ARM64
		Debug|x64 = Debug|x64
		Debug|x86 = Debug|x86
		MinSizeRel|ARM64 = MinSizeRel|ARM64
		MinSizeRel|x64 = MinSizeRel|x64
		MinSizeRel|x86 = MinSizeRel|x86
		Profile|ARM64 = Profile|ARM64
		Profile|x64 = Profile|x64
		Profile|x86 = Profile|x86
		Release|ARM64 = Release|ARM64
		Release|x64 = Release|x64
		Release|x86 = Release|x86
		RelWithDebInfo|ARM64 = RelWithDebInfo|ARM64
		RelWithDebInfo|x64 = RelWithDebInfo|x64
		RelWithDebInfo|x86 = RelWithDebInfo|x86
	EndGlobalSection
	GlobalSection(ProjectConfigurationPlatforms) = postSolution
		{5EA43AFD-22B8-4073-A286-B1440617B8E9}.Debug|ARM64.ActiveCfg = Debug|x64
		{5EA43AFD-22B8-4073-A286-B1440617B8E9}.Debug|ARM64.Build.0 = Debug|x64
		{5EA43AFD-22B8-4073-A286-B1440617B8E9}.Debug|x64.ActiveCfg = Debug|x64
		{5EA43AFD-22B8-4073-A286-B1440617B8E9}.Debug|x64.Build.0 = Debug|x64
		{5EA43AFD-22B8-4073-A286-B1440617B8E9}.Debug|x86.ActiveCfg = Debug|Win32
		{5EA43AFD-22B8-4073-A286-B1440617B8E9}.Debug|x86.Build.0 = Debug|Win32
		{5EA43AFD-22B8-4073-A286-B1440617B8E9}.MinSizeRel|ARM64.ActiveCfg = Release|x64
		{5EA43AFD-22B8-4073-A286-B1440617B8E9}.MinSizeRel|ARM64.Build.0 = Release|x64
		{5EA43AFD-22B8-4073-A286-B1440617B8E9}.MinSizeRel|x64.ActiveCfg = Release|x64
		{5EA43AFD-22B8-4073-A286-B1440617B8E9}.MinSizeRel|x64.Build.0 = Release|x64
		{5EA43AFD-22B8-4073-A286-B1440617B8E9}.MinSizeRel|x86.ActiveCfg = Release|Win32
		{5EA43AFD-22B8-4073-A286-B1440617B8E9}.MinSizeRel|x86.Build.0 = Release|Win32
		{5EA43AFD-22B8-4073-A286-B1440617B8E9}.Profile|ARM64.ActiveCfg = Release|x64
		{5EA43AFD-22B8-4073-A286-B1440617B8E9}.Profile|ARM64.Build.0 = Release|x64
		{5EA43AFD-22B8-4073-A286-B1440617B8E9}.Profile|x64.ActiveCfg = Release|x64
		{5EA43AFD-22B8-4073-A286-B1440617B8E9}.Profile|x64.Build.0 = Release|x64
		{5EA43AFD-22B8-4073-A286-B1440617B8E9}.Profile|x86.ActiveCfg = Release|Win32
		{5EA43AFD-22B8-4073-A286-B1440617B8E9}.Profile|x86.Build.0 = Release|Win32
		{5EA43AFD-22B8-4073-A286-B1440617B8E9}.Release|ARM64.ActiveCfg = Release|x64
		{5EA43AFD-22B8-4073-A286-B1440617B8E9}.Release|ARM64.Build.0 = Release|x64
		{5EA43AFD-22B8-4073-A286-B1440617B8E9}.Release|x64.ActiveCfg = Release|x64
		{5EA43AFD-22B8-4073-A286-B1440617B8E9}.Release|x64.Build.0 = Release|x64
		{5EA43AFD-22B8-4073-A286-B1440617B8E9}.Release|x86.ActiveCfg = Release|Win32
		{5EA43AFD-22B8-4073-A286-B1440617B8E9}.Release|x86.Build.0 = Release|Win32
		{5EA43AFD-22B8-4073-A286-B1440617B8E9}.RelWithDebInfo|ARM64.ActiveCfg = Release|x64
		{5EA43AFD-22B8-4073-A286-B1440617B8E9}.RelWithDebInfo|ARM64.Build.0 = Release|x64
		{5EA43AFD-22B8-4073-A286-B1440617B8E9}.RelWithDebInfo|x64.ActiveCfg = Release|x64
		{5EA43AFD-22B8-4073-A286-B1440617B8E9}.RelWithDebInfo|x64.Build.0 = Release|x64
		{5EA43AFD-22B8-4073-A286-B1440617B8E9}.RelWithDebInfo|x86.ActiveCfg = Release|Win32
		{5EA43AFD-22B8-4073-A286-B1440617B8E9}.RelWithDebInfo|x86.Build.0 = Release|Win32
		{C52068EA-60A2-459A-8DB7-71047D37EF21}.Debug|ARM64.ActiveCfg = Debug|x64
		{C52068EA-60A2-459A-8DB7-71047D37EF21}.Debug|ARM64.Build.0 = Debug|x64
		{C52068EA-60A2-459A-8DB7-71047D37EF21}.Debug|x64.ActiveCfg = Debug|x64
		{C52068EA-60A2-459A-8DB7-71047D37EF21}.Debug|x64.Build.0 = Debug|x64
		{C52068EA-60A2-459A-8DB7-71047D37EF21}.Debug|x86.ActiveCfg = Debug|Win32
		{C52068EA-60A2-459A-8DB7-71047D37EF21}.Debug|x86.Build.0 = Debug|Win32
		{C52068EA-60A2-459A-8DB7-71047D37EF21}.MinSizeRel|ARM64.ActiveCfg = Release|x64
		{C52068EA-60A2-459A-8DB7-71047D37EF21}.MinSizeRel|ARM64.Build.0 = Release|x64
		{C52068EA-60A2-459A-8DB7-71047D37EF21}.MinSizeRel|x64.ActiveCfg = Release|x64
		{C52068EA-60A2-459A-8DB7-71047D37EF21}.MinSizeRel|x64.Build.0 = Release|x64
		{C52068EA-60A2-459A-8DB7-71047D37EF21}.MinSizeRel|x86.ActiveCfg = Release|Win32
		{C52068EA-60A2-459A-8DB7-71047D37EF21}.MinSizeRel|x86.Build.0 = Release|Win32
		{C52068EA-60A2-459A-8DB7-71047D37EF21}.Profile|ARM64.ActiveCfg = Release|x64
		{C52068EA-60A2-459A-8DB7-71047D37EF21}.Profile|ARM64.Build.0 = Release|x64
		{C52068EA-60A2-459A-8DB7-71047D37EF21}.Profile|x64.ActiveCfg = Release|x64
		{C52068EA-60A2-459A-8DB7-71047D37EF21}.Profile|x64.Build.0 = Release|x64
		{C52068EA-60A2-459A-8DB7-71047D37EF21}.Profile|x86.ActiveCfg = Release|Win32
		{C52068EA-60A2-459A-8DB7-71047D37EF21}.Profile|x86.Build.0 = Release|Win32
		{C52068EA-60A2-459A-8DB7-71047D37EF21}.Release|ARM64.ActiveCfg = Release|x64
		{C52068EA-60A2-459A-8DB7-71047D37EF21}.Release|ARM64.Build.0 = Release|x64
		{C52068EA-60A2-459A-8DB7-71047D37EF21}.Release|x64.ActiveCfg = Release|x64
		{C52068EA-60A2-459A-8DB7-71047D37EF21}.Release|x64.Build.0 = Release|x64
		{C52068EA-60A2-459A-8DB7-71047D37EF21}.Release|x86.ActiveCfg = Release|Win32
		{C52068EA-60A2-459A-8DB7-71047D37EF21}.Release|x86.Build.0 = Release|Win32
		{C52068EA-60A2-459A-8DB7-71047D37EF21}.RelWithDebInfo|ARM64.ActiveCfg = Release|x64
		{C52068EA-60A2-459A-8DB7-71047D37EF21}.RelWithDebInfo|ARM64.Build.0 = Release|x64
		{C52068EA-60A2-459A-8DB7-71047D37EF21}.RelWithDebInfo|x64.ActiveCfg = Release|x64
		{C52068EA-60A2-459A-8DB7-71047D37EF21}.RelWithDebInfo|x64.Build.0 = Release|x64
		{C52068EA-60A2-459A-8DB7-71047D37EF21}.RelWithDebInfo|x86.ActiveCfg = Release|Win32
		{C52068EA-60A2-459A-8DB7-71047D37EF21}.RelWithDebInfo|x86.Build.0 = Release|Win32
		{1569572E-31EA-3234-B3AA-0BC395CDC6B6}.Debug|ARM64.ActiveCfg = Debug|x64
		{1569572E-31EA-3234-B3AA-0BC395CDC6B6}.Debug|ARM64.Build.0 = Debug|x64
		{1569572E-31EA-3234-B3AA-0BC395CDC6B6}.Debug|x64.ActiveCfg = Debug|x64
		{1569572E-31EA-3234-B3AA-0BC395CDC6B6}.Debug|x64.Build.0 = Debug|x64
		{1569572E-31EA-3234-B3AA-0BC395CDC6B6}.Debug|x86.ActiveCfg = Debug|x64
		{1569572E-31EA-3234-B3AA-0BC395CDC6B6}.Debug|x86.Build.0 = Debug|x64
		{1569572E-31EA-3234-B3AA-0BC395CDC6B6}.MinSizeRel|ARM64.ActiveCfg = MinSizeRel|x64
		{1569572E-31EA-3234-B3AA-0BC395CDC6B6}.MinSizeRel|ARM64.Build.0 = MinSizeRel|x64
		{1569572E-31EA-3234-B3AA-0BC395CDC6B6}.MinSizeRel|x64.ActiveCfg = MinSizeRel|x64
		{1569572E-31EA-3234-B3AA-0BC395CDC6B6}.MinSizeRel|x64.Build.0 = MinSizeRel|x64
		{1569572E-31EA-3234-B3AA-0BC395CDC6B6}.MinSizeRel|x86.ActiveCfg = MinSizeRel|x64
		{1569572E-31EA-3234-B3AA-0BC395CDC6B6}.MinSizeRel|x86.Build.0 = MinSizeRel|x64
		{1569572E-31EA-3234-B3AA-0BC395CDC6B6}.Profile|ARM64.ActiveCfg = RelWithDebInfo|x64
		{1569572E-31EA-3234-B3AA-0BC395CDC6B6}.Profile|ARM64.Build.0 = RelWithDebInfo|x64
		{1569572E-31EA-3234-B3AA-0BC395CDC6B6}.Profile|x64.ActiveCfg = RelWithDebInfo|x64
		{1569572E-31EA-3234-B3AA-0BC395CDC6B6}.Profile|x64.Build.0 = RelWithDebInfo|x64
		{1569572E-31EA-3234-B3AA-0BC395CDC6B6}.Profile|x86.ActiveCfg = RelWithDebInfo|x64
		{1569572E-31EA-3234-B3AA-0BC395CDC6B6}.Profile|x86.Build.0 = RelWithDebInfo|x64
		{1569572E-31EA-3234-B3AA-0BC395CDC6B6}.Release|ARM64.ActiveCfg = Release|x64
		{1569572E-31EA-3234-B3AA-0BC395CDC6B6}.Release|ARM64.Build.0 = Release|x64
		{1569572E-31EA-3234-B3AA-0BC395CDC6B6}.Release|x64.ActiveCfg = Release|x64
		{1569572E-31EA-3234-B3AA-0BC395CDC6B6}.Release|x64.Build.0 = Release|x64
		{1569572E-31EA-3234-B3AA-0BC395CDC6B6}.Release|x86.ActiveCfg = Release|x64
		{1569572E-31EA-3234-B3AA-0BC395CDC6B6}.Release|x86.Build.0 = Release|x64
		{1569572E-31EA-3234-B3AA-0BC395CDC6B6}.RelWithDebInfo|ARM64.ActiveCfg = RelWithDebInfo|x64
		{1569572E-31EA-3234-B3AA-0BC395CDC6B6}.RelWithDebInfo|ARM64.Build.0 = RelWithDebInfo|x64
		{1569572E-31EA-3234-B3AA-0BC395CDC6B6}.RelWithDebInfo|x64.ActiveCfg = RelWithDebInfo|x64
		{1569572E-31EA-3234-B3AA-0BC395CDC6B6}.RelWithDebInfo|x64.Build.0 = RelWithDebInfo|x64
		{1569572E-31EA-3234-B3AA-0BC395CDC6B6}.RelWithDebInfo|x86.ActiveCfg = RelWithDebInfo|x64
		{1569572E-31EA-3234-B3AA-0BC395CDC6B6}.RelWithDebInfo|x86.Build.0 = RelWithDebInfo|x64
		{371B9FA9-4C90-4AC6-A123-ACED756D6C77}.Debug|ARM64.ActiveCfg = Debug|ARM64
		{371B9FA9-4C90-4AC6-A123-ACED756D6C77}.Debug|ARM64.Build.0 = Debug|ARM64
		{371B9FA9-4C90-4AC6-A123-ACED756D6C77}.Debug|x64.ActiveCfg = Debug|x64
		{371B9FA9-4C90-4AC6-A123-ACED756D6C77}.Debug|x64.Build.0 = Debug|x64
		{371B9FA9-4C90-4AC6-A123-ACED756D6C77}.Debug|x86.ActiveCfg = Debug|Win32
		{371B9FA9-4C90-4AC6-A123-ACED756D6C77}.Debug|x86.Build.0 = Debug|Win32
		{371B9FA9-4C90-4AC6-A123-ACED756D6C77}.MinSizeRel|ARM64.ActiveCfg = Profile|ARM64
		{371B9FA9-4C90-4AC6-A123-ACED756D6C77}.MinSizeRel|ARM64.Build.0 = Profile|ARM64
		{371B9FA9-4C90-4AC6-A123-ACED756D6C77}.MinSizeRel|x64.ActiveCfg = Profile|x64
		{371B9FA9-4C90-4AC6-A123-ACED756D6C77}.MinSizeRel|x64.Build.0 = Profile|x64
		{371B9FA9-4C90-4AC6-A123-ACED756D6C77}.MinSizeRel|x86.ActiveCfg = Debug|Win32
		{371B9FA9-4C90-4AC6-A123-ACED756D6C77}.MinSizeRel|x86.Build.0 = Debug|Win32
		{371B9FA9-4C90-4AC6-A123-ACED756D6C77}.Profile|ARM64.ActiveCfg = Profile|ARM64
		{371B9FA9-4C90-4AC6-A123-ACED756D6C77}.Profile|ARM64.Build.0 = Profile|ARM64
		{371B9FA9-4C90-4AC6-A123-ACED756D6C77}.Profile|x64.ActiveCfg = Profile|x64
		{371B9FA9-4C90-4AC6-A123-ACED756D6C77}.Profile|x64.Build.0 = Profile|x64
		{371B9FA9-4C90-4AC6-A123-ACED756D6C77}.Profile|x86.ActiveCfg = Profile|Win32
		{371B9FA9-4C90-4AC6-A123-ACED756D6C77}.Profile|x86.Build.0 = Profile|Win32
		{371B9FA9-4C90-4AC6-A123-ACED756D6C77}.Release|ARM64.ActiveCfg = Release|ARM64
		{371B9FA9-4C90-4AC6-A123-ACED756D6C77}.Release|ARM64.Build.0 = Release|ARM64
		{371B9FA9-4C90-4AC6-A123-ACED756D6C77}.Release|x64.ActiveCfg = Release|x64
		{371B9FA9-4C90-4AC6-A123-ACED756D6C77}.Release|x64.Build.0 = Release|x64
		{371B9FA9-4C90-4AC6-A123-ACED756D6C77}.Release|x86.ActiveCfg = Release|Win32
		{371B9FA9-4C90-4AC6-A123-ACED756D6C77}.Release|x86.Build.0 = Release|Win32
		{371B9FA9-4C90-4AC6-A123-ACED756D6C77}.RelWithDebInfo|ARM64.ActiveCfg = Release|ARM64
		{371B9FA9-4C90-4AC6-A123-ACED756D6C77}.RelWithDebInfo|ARM64.Build.0 = Release|ARM64
		{371B9FA9-4C90-4AC6-A123-ACED756D6C77}.RelWithDebInfo|x64.ActiveCfg = Release|x64
		{371B9FA9-4C90-4AC6-A123-ACED756D6C77}.RelWithDebInfo|x64.Build.0 = Release|x64
		{371B9FA9-4C90-4AC6-A123-ACED756D6C77}.RelWithDebInfo|x86.ActiveCfg = Release|Win32
		{371B9FA9-4C90-4AC6-A123-ACED756D6C77}.RelWithDebInfo|x86.Build.0 = Release|Win32
	EndGlobalSection
	GlobalSection(SolutionProperties) = preSolution
		HideSolutionNode = FALSE
	EndGlobalSection
	GlobalSection(ExtensibilityGlobals) = postSolution
		SolutionGuid = {B22149D8-167C-45EA-8553-E726A77000ED}
	EndGlobalSection
EndGlobal
