<?xml version="1.0" encoding="utf-8"?>
<Project ToolsVersion="4.0" xmlns="http://schemas.microsoft.com/developer/msbuild/2003">
  <ItemGroup>
    <Filter Include="Source Files">
      <UniqueIdentifier>{4FC737F1-C7A5-4376-A066-2A32D752A2FF}</UniqueIdentifier>
      <Extensions>cpp;c;cc;cxx;c++;cppm;ixx;def;odl;idl;hpj;bat;asm;asmx</Extensions>
    </Filter>
    <Filter Include="Header Files">
      <UniqueIdentifier>{93995380-89BD-4b04-88EB-625FBE52EBFB}</UniqueIdentifier>
      <Extensions>h;hh;hpp;hxx;h++;hm;inl;inc;ipp;xsd</Extensions>
    </Filter>
    <Filter Include="Resource Files">
      <UniqueIdentifier>{67DA6AB6-F800-4c08-8B7A-83BB121AAD01}</UniqueIdentifier>
      <Extensions>rc;ico;cur;bmp;dlg;rc2;rct;bin;rgs;gif;jpg;jpeg;jpe;resx;tiff;tif;png;wav;mfcribbon-ms</Extensions>
    </Filter>
    <Filter Include="Header Files\DX">
      <UniqueIdentifier>{9f99b876-21b1-4e9a-af06-620ce0576591}</UniqueIdentifier>
    </Filter>
    <Filter Include="Source Files\DX">
      <UniqueIdentifier>{653b3748-7c3f-46cb-a392-cd6423db0a68}</UniqueIdentifier>
    </Filter>
    <Filter Include="Header Files\RayTracer">
      <UniqueIdentifier>{d0c63429-8aea-4e3e-b0be-fee31231ac13}</UniqueIdentifier>
    </Filter>
    <Filter Include="Source Files\RayTracer">
      <UniqueIdentifier>{25ac06d9-aa92-431e-ad0f-4ac1818f87e5}</UniqueIdentifier>
    </Filter>
    <Filter Include="Header Files\Util">
      <UniqueIdentifier>{35fa9f34-6213-4095-9c97-4dad1bd88b1f}</UniqueIdentifier>
    </Filter>
    <Filter Include="Source Files\Util">
      <UniqueIdentifier>{ddd36cf4-518c-4381-9308-32de30a8b449}</UniqueIdentifier>
    </Filter>
    <Filter Include="Header Files\Window">
      <UniqueIdentifier>{80039917-eda5-4851-9055-4cd1686f687a}</UniqueIdentifier>
    </Filter>
    <Filter Include="Source Files\Graphics">
      <UniqueIdentifier>{01af2287-b4bd-4def-83c1-026bf0fd24c8}</UniqueIdentifier>
    </Filter>
    <Filter Include="Header Files\Input">
      <UniqueIdentifier>{388628d7-f4ae-4587-a9e4-8ad157c113dd}</UniqueIdentifier>
    </Filter>
    <Filter Include="Source Files\Input">
      <UniqueIdentifier>{ba996a7b-b4cc-4d6a-bd95-42833f53265c}</UniqueIdentifier>
    </Filter>
    <Filter Include="Header Files\Libs">
      <UniqueIdentifier>{ae69f5ff-6515-4a65-9ce5-d967a387b0e9}</UniqueIdentifier>
    </Filter>
    <Filter Include="Header Files\UI">
      <UniqueIdentifier>{c4237760-1883-4268-92c5-c7a51e96de00}</UniqueIdentifier>
    </Filter>
    <Filter Include="Header Files\Objects">
      <UniqueIdentifier>{a7837b26-e252-4b97-a7ec-b2aaceba502a}</UniqueIdentifier>
    </Filter>
    <Filter Include="Header Files\Systems">
      <UniqueIdentifier>{1f4e7a16-2a69-43c5-8715-1e4145af5de8}</UniqueIdentifier>
    </Filter>
    <Filter Include="Header Files\Graphics">
      <UniqueIdentifier>{55dd0750-e521-4de1-bfc3-1504554b2e6b}</UniqueIdentifier>
    </Filter>
    <Filter Include="Source Files\Libs">
      <UniqueIdentifier>{fab342a9-268f-4e36-a2ce-2d5aa7453af3}</UniqueIdentifier>
    </Filter>
    <Filter Include="Source Files\UI">
      <UniqueIdentifier>{4261ad3f-b4cc-4f43-aa56-d525501eb67f}</UniqueIdentifier>
    </Filter>
    <Filter Include="Source Files\Systems">
      <UniqueIdentifier>{ca224cbb-19c1-4c50-a2e1-a1cfda6b265c}</UniqueIdentifier>
    </Filter>
    <Filter Include="Source Files\Objects">
      <UniqueIdentifier>{8e230c82-fdf3-4fd8-bca1-e17d3a2886da}</UniqueIdentifier>
    </Filter>
  </ItemGroup>
  <ItemGroup>
    <ClInclude Include="render\D3D\d3d.hpp">
      <Filter>Header Files\DX</Filter>
    </ClInclude>
    <ClInclude Include="include\win_def.hpp">
      <Filter>Header Files\DX</Filter>
    </ClInclude>
    <ClInclude Include="include\win_undef.hpp">
      <Filter>Header Files\DX</Filter>
    </ClInclude>
    <ClInclude Include="utils\paralell_executor\parallel_executor.h">
      <Filter>Header Files\Util</Filter>
    </ClInclude>
    <ClInclude Include="utils\Timer\FPSTimer.h">
      <Filter>Header Files\Util</Filter>
    </ClInclude>
    <ClInclude Include="windows\Window.h">
      <Filter>Header Files\Window</Filter>
    </ClInclude>
    <ClInclude Include="Engine.hpp">
      <Filter>Header Files</Filter>
    </ClInclude>
    <ClInclude Include="render\Graphics\Renderer.hpp">
      <Filter>Header Files\Graphics</Filter>
    </ClInclude>
    <ClInclude Include="render\Graphics\Vertex.hpp">
      <Filter>Header Files\Graphics</Filter>
    </ClInclude>
    <ClInclude Include="render\Graphics\DXShaders\VertexShader.hpp">
      <Filter>Header Files\Graphics</Filter>
    </ClInclude>
    <ClInclude Include="render\Graphics\DXShaders\PixelShader.hpp">
      <Filter>Header Files\Graphics</Filter>
    </ClInclude>
    <ClInclude Include="include\utility\utility.hpp">
      <Filter>Header Files\Util</Filter>
    </ClInclude>
    <ClInclude Include="render\Graphics\DXBuffers\VertexBuffer.hpp">
      <Filter>Header Files\Graphics</Filter>
    </ClInclude>
    <ClInclude Include="render\Graphics\DXBuffers\ConstantBuffer.hpp">
      <Filter>Header Files\Graphics</Filter>
    </ClInclude>
    <ClInclude Include="render\Graphics\DXBuffers\CBStructs.hpp">
      <Filter>Header Files\Graphics</Filter>
    </ClInclude>
    <ClInclude Include="include\config.hpp">
      <Filter>Header Files\Util</Filter>
    </ClInclude>
    <ClInclude Include="utils\Logger\Logger.hpp">
      <Filter>Header Files\Util</Filter>
    </ClInclude>
    <ClInclude Include="render\Graphics\DXBuffers\IndexBuffer.hpp">
      <Filter>Header Files\Graphics</Filter>
    </ClInclude>
    <ClInclude Include="input\Keyboard.hpp">
      <Filter>Header Files\Input</Filter>
    </ClInclude>
    <ClInclude Include="input\Mouse.hpp">
      <Filter>Header Files\Input</Filter>
    </ClInclude>
    <ClInclude Include="render\UI\imgui\imconfig.h">
      <Filter>Header Files\Libs</Filter>
    </ClInclude>
    <ClInclude Include="render\UI\imgui\imgui.h">
      <Filter>Header Files\Libs</Filter>
    </ClInclude>
    <ClInclude Include="render\UI\imgui\imgui_impl_dx11.h">
      <Filter>Header Files\Libs</Filter>
    </ClInclude>
    <ClInclude Include="render\UI\imgui\imgui_impl_win32.h">
      <Filter>Header Files\Libs</Filter>
    </ClInclude>
    <ClInclude Include="render\UI\imgui\imgui_internal.h">
      <Filter>Header Files\Libs</Filter>
    </ClInclude>
    <ClInclude Include="render\UI\imgui\imstb_rectpack.h">
      <Filter>Header Files\Libs</Filter>
    </ClInclude>
    <ClInclude Include="render\UI\imgui\imstb_textedit.h">
      <Filter>Header Files\Libs</Filter>
    </ClInclude>
    <ClInclude Include="render\UI\imgui\imstb_truetype.h">
      <Filter>Header Files\Libs</Filter>
    </ClInclude>
    <ClInclude Include="render\Graphics\DXRTVs\BindableRenderTarget.hpp">
      <Filter>Header Files\Graphics</Filter>
    </ClInclude>
    <ClInclude Include="render\Graphics\DXShaders\BaseShader.hpp">
      <Filter>Header Files\Graphics</Filter>
    </ClInclude>
    <ClInclude Include="render\Graphics\DXShaders\DomainShader.hpp">
      <Filter>Header Files\Graphics</Filter>
    </ClInclude>
    <ClInclude Include="render\Graphics\DXShaders\GeometryShader.hpp">
      <Filter>Header Files\Graphics</Filter>
    </ClInclude>
    <ClInclude Include="render\Graphics\HelperStructs.hpp">
      <Filter>Header Files\Graphics</Filter>
    </ClInclude>
    <ClInclude Include="render\Graphics\DXShaders\HullShader.hpp">
      <Filter>Header Files\Graphics</Filter>
    </ClInclude>
    <ClInclude Include="render\Graphics\DXBuffers\InstanceBuffer.hpp">
      <Filter>Header Files\Graphics</Filter>
    </ClInclude>
    <ClInclude Include="render\Graphics\PostProcess\PostProcess.hpp">
      <Filter>Header Files\Graphics</Filter>
    </ClInclude>
    <ClInclude Include="render\Systems\Pipeline.hpp">
      <Filter>Header Files\Graphics</Filter>
    </ClInclude>
    <ClInclude Include="render\Systems\RenderStructs.hpp">
      <Filter>Header Files\Graphics</Filter>
    </ClInclude>
    <ClInclude Include="utils\ReflectionCapture\ReflectionCapture.hpp">
      <Filter>Header Files\Graphics</Filter>
    </ClInclude>
    <ClInclude Include="render\Objects\SkyTriangle\SkyTriangle.hpp">
      <Filter>Header Files\Graphics</Filter>
    </ClInclude>
    <ClInclude Include="utils\SolidVector\SolidVector.hpp">
      <Filter>Header Files\Graphics</Filter>
    </ClInclude>
    <ClInclude Include="render\Objects\SkyBox\SkyBox.hpp">
      <Filter>Header Files\Graphics</Filter>
    </ClInclude>
    <ClInclude Include="render\Graphics\DXTextures\Sampler.hpp">
      <Filter>Header Files\Graphics</Filter>
    </ClInclude>
    <ClInclude Include="utils\TextureManager\TextureManager.hpp">
      <Filter>Header Files\Util</Filter>
    </ClInclude>
    <ClInclude Include="utils\OcTree\OcTree.hpp">
      <Filter>Header Files\Util</Filter>
    </ClInclude>
    <ClInclude Include="utils\ModelManager\ModelManager.hpp">
      <Filter>Header Files\Util</Filter>
    </ClInclude>
    <ClInclude Include="utils\TextureManager\DDSTextureLoader11.h">
      <Filter>Header Files\Libs</Filter>
    </ClInclude>
    <ClInclude Include="render\Objects\Texture.hpp">
      <Filter>Header Files\Objects</Filter>
    </ClInclude>
    <ClInclude Include="source\math\Ray.hpp">
      <Filter>Header Files\Objects</Filter>
    </ClInclude>
    <ClInclude Include="render\Objects\Model.hpp">
      <Filter>Header Files\Objects</Filter>
    </ClInclude>
    <ClInclude Include="source\mesh\Mesh.hpp">
      <Filter>Header Files\Objects</Filter>
    </ClInclude>
    <ClInclude Include="render\Graphics\EngineCamera.hpp">
      <Filter>Header Files\Objects</Filter>
    </ClInclude>
    <ClInclude Include="render\UI\UI.hpp">
      <Filter>Header Files\UI</Filter>
    </ClInclude>
    <ClInclude Include="render\Systems\MeshSystem.hpp">
      <Filter>Header Files\Systems</Filter>
    </ClInclude>
    <ClInclude Include="render\Systems\LightSystem.hpp">
      <Filter>Header Files\Systems</Filter>
    </ClInclude>
    <ClInclude Include="render\Systems\TransformSystem.hpp">
      <Filter>Header Files\Systems</Filter>
    </ClInclude>
    <ClInclude Include="source\dragger\MeshDragger.hpp">
      <Filter>Header Files\RayTracer</Filter>
    </ClInclude>
    <ClInclude Include="render\Systems\LightStructs.hpp">
      <Filter>Header Files\Graphics</Filter>
    </ClInclude>
    <ClInclude Include="render\Graphics\DXRTVs\BindableDepthBuffer.hpp">
      <Filter>Header Files</Filter>
    </ClInclude>
    <ClInclude Include="render\Systems\ShadowSubSystem.hpp">
      <Filter>Header Files</Filter>
    </ClInclude>
    <ClInclude Include="source\spawner\MeshSpawner.hpp">
      <Filter>Header Files</Filter>
    </ClInclude>
  </ItemGroup>
  <ItemGroup>
    <ClCompile Include="render\D3D\d3d.cpp">
      <Filter>Source Files\DX</Filter>
    </ClCompile>
    <ClCompile Include="utils\paralell_executor\parallel_executor.cpp">
      <Filter>Source Files\Util</Filter>
    </ClCompile>
    <ClCompile Include="utils\Timer\FPSTimer.cpp">
      <Filter>Source Files\Util</Filter>
    </ClCompile>
    <ClCompile Include="render\Graphics\Renderer.cpp">
      <Filter>Source Files\Graphics</Filter>
    </ClCompile>
    <ClCompile Include="render\Graphics\DXShaders\PixelShader.cpp">
      <Filter>Source Files\Graphics</Filter>
    </ClCompile>
    <ClCompile Include="source\utility\utility.cpp">
      <Filter>Source Files\Util</Filter>
    </ClCompile>
    <ClCompile Include="render\Graphics\DXShaders\VertexShader.cpp">
      <Filter>Source Files\Graphics</Filter>
    </ClCompile>
    <ClCompile Include="render\Graphics\DXBuffers\IndexBuffer.cpp">
      <Filter>Source Files\Graphics</Filter>
    </ClCompile>
    <ClCompile Include="utils\Logger\Logger.cpp">
      <Filter>Source Files\Util</Filter>
    </ClCompile>
    <ClCompile Include="input\Mouse.cpp">
      <Filter>Source Files\Input</Filter>
    </ClCompile>
    <ClCompile Include="input\Keyboard.cpp">
      <Filter>Source Files\Input</Filter>
    </ClCompile>
    <ClCompile Include="Engine.cpp">
      <Filter>Source Files</Filter>
    </ClCompile>
    <ClCompile Include="render\UI\imgui\imgui_tables.cpp">
      <Filter>Source Files\Libs</Filter>
    </ClCompile>
    <ClCompile Include="render\UI\imgui\imgui.cpp">
      <Filter>Source Files\Libs</Filter>
    </ClCompile>
    <ClCompile Include="render\UI\imgui\imgui_draw.cpp">
      <Filter>Source Files\Libs</Filter>
    </ClCompile>
    <ClCompile Include="render\UI\imgui\imgui_impl_dx11.cpp">
      <Filter>Source Files\Libs</Filter>
    </ClCompile>
    <ClCompile Include="render\UI\imgui\imgui_impl_win32.cpp">
      <Filter>Source Files\Libs</Filter>
    </ClCompile>
    <ClCompile Include="render\Graphics\DXShaders\BaseShader.cpp">
      <Filter>Source Files\Graphics</Filter>
    </ClCompile>
    <ClCompile Include="render\Graphics\DXRTVs\BindableRenderTarget.cpp">
      <Filter>Source Files\Graphics</Filter>
    </ClCompile>
    <ClCompile Include="render\Graphics\DXShaders\DomainShader.cpp">
      <Filter>Source Files\Graphics</Filter>
    </ClCompile>
    <ClCompile Include="render\Graphics\DXShaders\GeometryShader.cpp">
      <Filter>Source Files\Graphics</Filter>
    </ClCompile>
    <ClCompile Include="render\Graphics\DXShaders\HullShader.cpp">
      <Filter>Source Files\Graphics</Filter>
    </ClCompile>
    <ClCompile Include="utils\ReflectionCapture\ReflectionCapture.cpp">
      <Filter>Source Files\Graphics</Filter>
    </ClCompile>
    <ClCompile Include="render\Graphics\DXTextures\Sampler.cpp">
      <Filter>Source Files\Graphics</Filter>
    </ClCompile>
    <ClCompile Include="render\Graphics\PostProcess\PostProcess.cpp">
      <Filter>Source Files\Graphics</Filter>
    </ClCompile>
    <ClCompile Include="render\Objects\SkyTriangle\SkyTriangle.cpp">
      <Filter>Source Files\Graphics</Filter>
    </ClCompile>
    <ClCompile Include="render\Objects\SkyBox\SkyBox.cpp">
      <Filter>Source Files\Graphics</Filter>
    </ClCompile>
    <ClCompile Include="utils\TextureManager\DDSTextureLoader11.cpp">
      <Filter>Source Files\Libs</Filter>
    </ClCompile>
    <ClCompile Include="render\UI\imgui\imgui_widgets.cpp">
      <Filter>Source Files\Libs</Filter>
    </ClCompile>
    <ClCompile Include="render\Systems\MeshSystem.cpp">
      <Filter>Source Files\Systems</Filter>
    </ClCompile>
    <ClCompile Include="render\Systems\TransformSystem.cpp">
      <Filter>Source Files\Systems</Filter>
    </ClCompile>
    <ClCompile Include="render\Systems\LightSystem.cpp">
      <Filter>Source Files\Systems</Filter>
    </ClCompile>
    <ClCompile Include="render\UI\UI.cpp">
      <Filter>Source Files\UI</Filter>
    </ClCompile>
    <ClCompile Include="render\Graphics\EngineCamera.cpp">
      <Filter>Source Files\Objects</Filter>
    </ClCompile>
    <ClCompile Include="render\Objects\Model.cpp">
      <Filter>Source Files\Objects</Filter>
    </ClCompile>
    <ClCompile Include="source\math\Ray.cpp">
      <Filter>Source Files\Objects</Filter>
    </ClCompile>
    <ClCompile Include="utils\OcTree\OcTree.cpp">
      <Filter>Source Files\Util</Filter>
    </ClCompile>
    <ClCompile Include="utils\ModelManager\ModelManager.cpp">
      <Filter>Source Files\Util</Filter>
    </ClCompile>
    <ClCompile Include="utils\TextureManager\TextureManager.cpp">
      <Filter>Source Files\Util</Filter>
    </ClCompile>
    <ClCompile Include="source\dragger\MeshDragger.cpp">
      <Filter>Source Files\RayTracer</Filter>
    </ClCompile>
    <ClCompile Include="render\Graphics\DXRTVs\BindableDepthBuffer.cpp">
      <Filter>Source Files</Filter>
    </ClCompile>
    <ClCompile Include="render\Systems\ShadowSubSystem.cpp">
      <Filter>Source Files</Filter>
    </ClCompile>
    <ClCompile Include="source\spawner\MeshSpawner.cpp">
      <Filter>Source Files</Filter>
    </ClCompile>
  </ItemGroup>
  <ItemGroup>
    <FxCompile Include="render\Graphics\shaders\normal\VSBasicColor.hlsl">
      <Filter>Resource Files</Filter>
    </FxCompile>
    <FxCompile Include="render\Graphics\shaders\normal\PSVoronoi.hlsl">
      <Filter>Resource Files</Filter>
    </FxCompile>
    <FxCompile Include="render\Graphics\shaders\hologram\DSHologram.hlsl">
      <Filter>Resource Files</Filter>
    </FxCompile>
    <FxCompile Include="render\Graphics\shaders\hologram\GSHologram.hlsl">
      <Filter>Resource Files</Filter>
    </FxCompile>
    <FxCompile Include="render\Graphics\shaders\normal_visualization\GSVisNormal.hlsl">
      <Filter>Resource Files</Filter>
    </FxCompile>
    <FxCompile Include="render\Graphics\shaders\wireframe_visualization\GSVisWireframe.hlsl">
      <Filter>Resource Files</Filter>
    </FxCompile>
    <FxCompile Include="render\Graphics\shaders\hologram\HSHologram.hlsl">
      <Filter>Resource Files</Filter>
    </FxCompile>
    <FxCompile Include="render\Graphics\shaders\normal\PSBasicColor.hlsl">
      <Filter>Resource Files</Filter>
    </FxCompile>
    <FxCompile Include="render\Graphics\shaders\reflection_capture\BRDFIntegration\PSBRDFIntegration.hlsl">
      <Filter>Resource Files</Filter>
    </FxCompile>
    <FxCompile Include="render\Graphics\shaders\reflection_capture\DiffuseIrradiance\PSDiffuseIrradiance.hlsl">
      <Filter>Resource Files</Filter>
    </FxCompile>
    <FxCompile Include="render\Graphics\shaders\emission_only\PSEmission.hlsl">
      <Filter>Resource Files</Filter>
    </FxCompile>
    <FxCompile Include="render\Graphics\shaders\hologram\PSHologram.hlsl">
      <Filter>Resource Files</Filter>
    </FxCompile>
    <FxCompile Include="render\Graphics\shaders\post_process\PSPostProcess.hlsl">
      <Filter>Resource Files</Filter>
    </FxCompile>
    <FxCompile Include="render\Graphics\shaders\reflection_capture\PreFilteredSpecular\PSPreFilteredSpecular.hlsl">
      <Filter>Resource Files</Filter>
    </FxCompile>
    <FxCompile Include="render\Graphics\shaders\skybox\PSSky.hlsl">
      <Filter>Resource Files</Filter>
    </FxCompile>
    <FxCompile Include="render\Graphics\shaders\skyfullscreentriangle\PSSkyFullscreen.hlsl">
      <Filter>Resource Files</Filter>
    </FxCompile>
    <FxCompile Include="render\Graphics\shaders\normal_visualization\PSVisNormal.hlsl">
      <Filter>Resource Files</Filter>
    </FxCompile>
    <FxCompile Include="render\Graphics\shaders\wireframe_visualization\PSVisWireframe.hlsl">
      <Filter>Resource Files</Filter>
    </FxCompile>
    <FxCompile Include="render\Graphics\shaders\reflection_capture\BRDFIntegration\VSBRDFIntegration.hlsl">
      <Filter>Resource Files</Filter>
    </FxCompile>
    <FxCompile Include="render\Graphics\shaders\reflection_capture\VSDIPFS.hlsl">
      <Filter>Resource Files</Filter>
    </FxCompile>
    <FxCompile Include="render\Graphics\shaders\emission_only\VSEmission.hlsl">
      <Filter>Resource Files</Filter>
    </FxCompile>
    <FxCompile Include="render\Graphics\shaders\hologram\VSHologram.hlsl">
      <Filter>Resource Files</Filter>
    </FxCompile>
    <FxCompile Include="render\Graphics\shaders\post_process\VSPostProcess.hlsl">
      <Filter>Resource Files</Filter>
    </FxCompile>
    <FxCompile Include="render\Graphics\shaders\skybox\VSSky.hlsl">
      <Filter>Resource Files</Filter>
    </FxCompile>
    <FxCompile Include="render\Graphics\shaders\skyfullscreentriangle\VSSkyFullscreen.hlsl">
      <Filter>Resource Files</Filter>
    </FxCompile>
    <FxCompile Include="render\Graphics\shaders\normal_visualization\VSVisNormal.hlsl">
      <Filter>Resource Files</Filter>
    </FxCompile>
    <FxCompile Include="render\Graphics\shaders\wireframe_visualization\VSVisWireframe.hlsl">
      <Filter>Resource Files</Filter>
    </FxCompile>
    <FxCompile Include="render\Graphics\shaders\shadow_compute\VS2DShadow.hlsl" />
    <FxCompile Include="render\Graphics\shaders\shadow_compute\VSCubemapShadow.hlsl" />
    <FxCompile Include="render\Graphics\shaders\shadow_compute\GSCubemapShadow.hlsl" />
    <FxCompile Include="render\Graphics\shaders\dissolution\VSDissolution.hlsl" />
    <FxCompile Include="render\Graphics\shaders\dissolution\PSDissolution.hlsl" />
  </ItemGroup>
  <ItemGroup>
    <None Include="render\Graphics\shaders\normal\BasicColorStructs.hlsli">
      <Filter>Resource Files</Filter>
    </None>
    <None Include="render\Graphics\shaders\globals.hlsli">
      <Filter>Resource Files</Filter>
    </None>
    <None Include="render\Graphics\shaders\hologram\HologramInclude.hlsli">
      <Filter>Resource Files</Filter>
    </None>
    <None Include="render\Graphics\shaders\hologram\HologramStructs.hlsli">
      <Filter>Resource Files</Filter>
    </None>
    <None Include="render\Graphics\shaders\lighting_blinn_phong.hlsli">
      <Filter>Resource Files</Filter>
    </None>
    <None Include="render\Graphics\shaders\lighting_cook_torrance.hlsli">
      <Filter>Resource Files</Filter>
    </None>
    <None Include="render\Graphics\shaders\reflection_capture\sample_util.hlsli">
      <Filter>Resource Files</Filter>
    </None>
    <None Include="render\Graphics\shaders\utility.hlsli">
      <Filter>Resource Files</Filter>
    </None>
    <None Include="render\Graphics\shaders\normal_visualization\VisNormalStructs.hlsli">
      <Filter>Resource Files</Filter>
    </None>
    <None Include="render\Graphics\shaders\wireframe_visualization\VisWireframeStructs.hlsli">
      <Filter>Resource Files</Filter>
    </None>
    <None Include="render\Graphics\shaders\shadow_mapping.hlsli" />
    <None Include="render\Graphics\shaders\dissolution\DissolutionStructs.hlsli" />
  </ItemGroup>
</Project>