<?xml version="1.0" encoding="utf-8"?>
<Project ToolsVersion="4.0" xmlns="http://schemas.microsoft.com/developer/msbuild/2003">
  <ItemGroup>
    <Filter Include="Source Files">
      <UniqueIdentifier>{4FC737F1-C7A5-4376-A066-2A32D752A2FF}</UniqueIdentifier>
      <Extensions>cpp;c;cc;cxx;c++;cppm;ixx;def;odl;idl;hpj;bat;asm;asmx</Extensions>
    </Filter>
    <Filter Include="Header Files">
      <UniqueIdentifier>{93995380-89BD-4b04-88EB-625FBE52EBFB}</UniqueIdentifier>
      <Extensions>h;hh;hpp;hxx;h++;hm;inl;inc;ipp;xsd</Extensions>
    </Filter>
    <Filter Include="Resource Files">
      <UniqueIdentifier>{67DA6AB6-F800-4c08-8B7A-83BB121AAD01}</UniqueIdentifier>
      <Extensions>rc;ico;cur;bmp;dlg;rc2;rct;bin;rgs;gif;jpg;jpeg;jpe;resx;tiff;tif;png;wav;mfcribbon-ms</Extensions>
    </Filter>
    <Filter Include="Header Files\DX">
      <UniqueIdentifier>{9f99b876-21b1-4e9a-af06-620ce0576591}</UniqueIdentifier>
    </Filter>
    <Filter Include="Source Files\DX">
      <UniqueIdentifier>{653b3748-7c3f-46cb-a392-cd6423db0a68}</UniqueIdentifier>
    </Filter>
    <Filter Include="Header Files\RayTracer">
      <UniqueIdentifier>{d0c63429-8aea-4e3e-b0be-fee31231ac13}</UniqueIdentifier>
    </Filter>
    <Filter Include="Source Files\RayTracer">
      <UniqueIdentifier>{25ac06d9-aa92-431e-ad0f-4ac1818f87e5}</UniqueIdentifier>
    </Filter>
    <Filter Include="Header Files\Util">
      <UniqueIdentifier>{35fa9f34-6213-4095-9c97-4dad1bd88b1f}</UniqueIdentifier>
    </Filter>
    <Filter Include="Source Files\Util">
      <UniqueIdentifier>{ddd36cf4-518c-4381-9308-32de30a8b449}</UniqueIdentifier>
    </Filter>
    <Filter Include="Header Files\Window">
      <UniqueIdentifier>{80039917-eda5-4851-9055-4cd1686f687a}</UniqueIdentifier>
    </Filter>
    <Filter Include="Header Files\Graphics">
      <UniqueIdentifier>{55dd0750-e521-4de1-bfc3-1504554b2e6b}</UniqueIdentifier>
    </Filter>
    <Filter Include="Source Files\Graphics">
      <UniqueIdentifier>{01af2287-b4bd-4def-83c1-026bf0fd24c8}</UniqueIdentifier>
    </Filter>
  </ItemGroup>
  <ItemGroup>
    <ClInclude Include="render\D3D\d3d.hpp">
      <Filter>Header Files\DX</Filter>
    </ClInclude>
    <ClInclude Include="include\DxRes.hpp">
      <Filter>Header Files\DX</Filter>
    </ClInclude>
    <ClInclude Include="include\win_def.hpp">
      <Filter>Header Files\DX</Filter>
    </ClInclude>
    <ClInclude Include="include\win_undef.hpp">
      <Filter>Header Files\DX</Filter>
    </ClInclude>
    <ClInclude Include="source\draggers\dragger.h">
      <Filter>Header Files\RayTracer</Filter>
    </ClInclude>
    <ClInclude Include="source\math\geometry\hitable.h">
      <Filter>Header Files\RayTracer</Filter>
    </ClInclude>
    <ClInclude Include="source\math\geometry\plane.h">
      <Filter>Header Files\RayTracer</Filter>
    </ClInclude>
    <ClInclude Include="source\math\ray.h">
      <Filter>Header Files\RayTracer</Filter>
    </ClInclude>
    <ClInclude Include="render\RayTracer\RenderData\RenderData.h">
      <Filter>Header Files\RayTracer</Filter>
    </ClInclude>
    <ClInclude Include="render\RayTracer\RenderObject\RenderObject.h">
      <Filter>Header Files\RayTracer</Filter>
    </ClInclude>
    <ClInclude Include="source\math\geometry\sphere.h">
      <Filter>Header Files\RayTracer</Filter>
    </ClInclude>
    <ClInclude Include="source\math\geometry\triangle.h">
      <Filter>Header Files\RayTracer</Filter>
    </ClInclude>
    <ClInclude Include="render\RayTracer\Lighting\Lights.h">
      <Filter>Header Files\RayTracer</Filter>
    </ClInclude>
    <ClInclude Include="render\RayTracer\Materials\Material.h">
      <Filter>Header Files\RayTracer</Filter>
    </ClInclude>
    <ClInclude Include="utils\paralell_executor\parallel_executor.h">
      <Filter>Header Files\Util</Filter>
    </ClInclude>
    <ClInclude Include="utils\Timer\FPSTimer.h">
      <Filter>Header Files\Util</Filter>
    </ClInclude>
    <ClInclude Include="windows\Window.h">
      <Filter>Header Files\Window</Filter>
    </ClInclude>
    <ClInclude Include="render\RayTracer\Scene\Scene.h">
      <Filter>Header Files\RayTracer</Filter>
    </ClInclude>
    <ClInclude Include="render\RayTracer\Camera\Camera.h">
      <Filter>Header Files\RayTracer</Filter>
    </ClInclude>
    <ClInclude Include="source\mesh\Mesh.h">
      <Filter>Header Files\RayTracer</Filter>
    </ClInclude>
    <ClInclude Include="source\mesh\TriangleOcTree.h">
      <Filter>Header Files\RayTracer</Filter>
    </ClInclude>
    <ClInclude Include="Engine.hpp">
      <Filter>Header Files</Filter>
    </ClInclude>
    <ClInclude Include="render\Graphics\Graphics.hpp">
      <Filter>Header Files\Graphics</Filter>
    </ClInclude>
    <ClInclude Include="render\Graphics\Vertex.hpp">
      <Filter>Header Files\Graphics</Filter>
    </ClInclude>
    <ClInclude Include="render\Graphics\VertexShader.hpp">
      <Filter>Header Files\Graphics</Filter>
    </ClInclude>
    <ClInclude Include="render\Graphics\PixelShader.hpp">
      <Filter>Header Files\Graphics</Filter>
    </ClInclude>
  </ItemGroup>
  <ItemGroup>
    <ClCompile Include="render\D3D\d3d.cpp">
      <Filter>Source Files\DX</Filter>
    </ClCompile>
    <ClCompile Include="source\draggers\dragger.cpp">
      <Filter>Source Files\RayTracer</Filter>
    </ClCompile>
    <ClCompile Include="render\RayTracer\Lighting\Lights.cpp">
      <Filter>Source Files\RayTracer</Filter>
    </ClCompile>
    <ClCompile Include="source\math\geometry\plane.cpp">
      <Filter>Source Files\RayTracer</Filter>
    </ClCompile>
    <ClCompile Include="source\math\ray.cpp">
      <Filter>Source Files\RayTracer</Filter>
    </ClCompile>
    <ClCompile Include="render\RayTracer\RenderObject\RenderObject.cpp">
      <Filter>Source Files\RayTracer</Filter>
    </ClCompile>
    <ClCompile Include="source\math\geometry\sphere.cpp">
      <Filter>Source Files\RayTracer</Filter>
    </ClCompile>
    <ClCompile Include="source\math\geometry\triangle.cpp">
      <Filter>Source Files\RayTracer</Filter>
    </ClCompile>
    <ClCompile Include="utils\paralell_executor\parallel_executor.cpp">
      <Filter>Source Files\Util</Filter>
    </ClCompile>
    <ClCompile Include="utils\Timer\FPSTimer.cpp">
      <Filter>Source Files\Util</Filter>
    </ClCompile>
    <ClCompile Include="source\mesh\TriangleOcTree.cpp">
      <Filter>Source Files\RayTracer</Filter>
    </ClCompile>
    <ClCompile Include="render\RayTracer\Camera\Camera.cpp">
      <Filter>Source Files\RayTracer</Filter>
    </ClCompile>
    <ClCompile Include="source\mesh\Mesh.cpp">
      <Filter>Source Files\RayTracer</Filter>
    </ClCompile>
    <ClCompile Include="render\RayTracer\Scene\Scene.cpp">
      <Filter>Source Files\RayTracer</Filter>
    </ClCompile>
    <ClCompile Include="render\Graphics\Graphics.cpp">
      <Filter>Source Files\Graphics</Filter>
    </ClCompile>
    <ClCompile Include="render\Graphics\PixelShader.cpp">
      <Filter>Source Files\Graphics</Filter>
    </ClCompile>
    <ClCompile Include="render\Graphics\VertexShader.cpp">
      <Filter>Source Files\Graphics</Filter>
    </ClCompile>
  </ItemGroup>
  <ItemGroup>
    <FxCompile Include="render\Graphics\VS.hlsl">
      <Filter>Resource Files</Filter>
    </FxCompile>
    <FxCompile Include="render\Graphics\PS.hlsl">
      <Filter>Resource Files</Filter>
    </FxCompile>
  </ItemGroup>
</Project>